
Microsoft Visual Studio Solution File, Format Version 12.00
# Visual Studio Version 16
VisualStudioVersion = 16.0.31515.178
MinimumVisualStudioVersion = 10.0.40219.1
Project("{FAE04EC0-301F-11D3-BF4B-00C04F79EFBC}") = "CoreDemo", "CoreDemo\CoreDemo.csproj", "{7041221A-DB70-445C-ABF5-67DF5EE32712}"
EndProject
Project("{FAE04EC0-301F-11D3-BF4B-00C04F79EFBC}") = "EntityLayer", "EntityLayer\EntityLayer.csproj", "{983AAF88-DA85-4C61-88D7-7623336739C2}"
EndProject
Project("{FAE04EC0-301F-11D3-BF4B-00C04F79EFBC}") = "DataAccessLayer", "DataAccessLayer\DataAccessLayer.csproj", "{6359FF37-621B-4847-8CC7-D48E2FFDB1BA}"
EndProject
Project("{FAE04EC0-301F-11D3-BF4B-00C04F79EFBC}") = "BusinessLayer", "BusinessLayer\BusinessLayer.csproj", "{42EDFCC6-87E2-4F14-85A0-31059C8B6912}"
EndProject
Project("{FAE04EC0-301F-11D3-BF4B-00C04F79EFBC}") = "CoreLayer", "CoreLayer\CoreLayer.csproj", "{DE4560C8-CE01-452C-8E15-003D49CBB885}"
EndProject
Global
	GlobalSection(SolutionConfigurationPlatforms) = preSolution
		Debug|Any CPU = Debug|Any CPU
		Release|Any CPU = Release|Any CPU
	EndGlobalSection
	GlobalSection(ProjectConfigurationPlatforms) = postSolution
		{7041221A-DB70-445C-ABF5-67DF5EE32712}.Debug|Any CPU.ActiveCfg = Debug|Any CPU
		{7041221A-DB70-445C-ABF5-67DF5EE32712}.Debug|Any CPU.Build.0 = Debug|Any CPU
		{7041221A-DB70-445C-ABF5-67DF5EE32712}.Release|Any CPU.ActiveCfg = Release|Any CPU
		{7041221A-DB70-445C-ABF5-67DF5EE32712}.Release|Any CPU.Build.0 = Release|Any CPU
		{983AAF88-DA85-4C61-88D7-7623336739C2}.Debug|Any CPU.ActiveCfg = Debug|Any CPU
		{983AAF88-DA85-4C61-88D7-7623336739C2}.Debug|Any CPU.Build.0 = Debug|Any CPU
		{983AAF88-DA85-4C61-88D7-7623336739C2}.Release|Any CPU.ActiveCfg = Release|Any CPU
		{983AAF88-DA85-4C61-88D7-7623336739C2}.Release|Any CPU.Build.0 = Release|Any CPU
		{6359FF37-621B-4847-8CC7-D48E2FFDB1BA}.Debug|Any CPU.ActiveCfg = Debug|Any CPU
		{6359FF37-621B-4847-8CC7-D48E2FFDB1BA}.Debug|Any CPU.Build.0 = Debug|Any CPU
		{6359FF37-621B-4847-8CC7-D48E2FFDB1BA}.Release|Any CPU.ActiveCfg = Release|Any CPU
		{6359FF37-621B-4847-8CC7-D48E2FFDB1BA}.Release|Any CPU.Build.0 = Release|Any CPU
		{42EDFCC6-87E2-4F14-85A0-31059C8B6912}.Debug|Any CPU.ActiveCfg = Debug|Any CPU
		{42EDFCC6-87E2-4F14-85A0-31059C8B6912}.Debug|Any CPU.Build.0 = Debug|Any CPU
		{42EDFCC6-87E2-4F14-85A0-31059C8B6912}.Release|Any CPU.ActiveCfg = Release|Any CPU
		{42EDFCC6-87E2-4F14-85A0-31059C8B6912}.Release|Any CPU.Build.0 = Release|Any CPU
		{DE4560C8-CE01-452C-8E15-003D49CBB885}.Debug|Any CPU.ActiveCfg = Debug|Any CPU
		{DE4560C8-CE01-452C-8E15-003D49CBB885}.Debug|Any CPU.Build.0 = Debug|Any CPU
		{DE4560C8-CE01-452C-8E15-003D49CBB885}.Release|Any CPU.ActiveCfg = Release|Any CPU
		{DE4560C8-CE01-452C-8E15-003D49CBB885}.Release|Any CPU.Build.0 = Release|Any CPU
	EndGlobalSection
	GlobalSection(SolutionProperties) = preSolution
		HideSolutionNode = FALSE
	EndGlobalSection
	GlobalSection(ExtensibilityGlobals) = postSolution
		SolutionGuid = {6E7573DD-EB45-482A-95C0-8D93D353F277}
	EndGlobalSection
EndGlobal
